
Microsoft Visual Studio Solution File, Format Version 12.00
# Visual Studio Version 17
VisualStudioVersion = 17.0.31919.166
MinimumVisualStudioVersion = 10.0.40219.1
Project("{9A19103F-16F7-4668-BE54-9A1E7A4F7556}") = "GenricsExample", "GenericsExample\GenricsExample.csproj", "{480495DE-80FF-4572-A39F-190247A6E09D}"
EndProject
Global
	GlobalSection(SolutionConfigurationPlatforms) = preSolution
		Debug|Any CPU = Debug|Any CPU
		Release|Any CPU = Release|Any CPU
	EndGlobalSection
	GlobalSection(ProjectConfigurationPlatforms) = postSolution
		{480495DE-80FF-4572-A39F-190247A6E09D}.Debug|Any CPU.ActiveCfg = Debug|Any CPU
		{480495DE-80FF-4572-A39F-190247A6E09D}.Debug|Any CPU.Build.0 = Debug|Any CPU
		{480495DE-80FF-4572-A39F-190247A6E09D}.Release|Any CPU.ActiveCfg = Release|Any CPU
		{480495DE-80FF-4572-A39F-190247A6E09D}.Release|Any CPU.Build.0 = Release|Any CPU
	EndGlobalSection
	GlobalSection(SolutionProperties) = preSolution
		HideSolutionNode = FALSE
	EndGlobalSection
	GlobalSection(ExtensibilityGlobals) = postSolution
		SolutionGuid = {AEBC44CD-AF76-4EB1-B093-924E8ED3F068}
	EndGlobalSection
EndGlobal
